// !$*UTF8*$!
{
	archiveVersion = 1;
	classes = {
	};
	objectVersion = 56;
	objects = {

/* Begin PBXBuildFile section */
		1D036E872B542377004D6567 /* BinnedFFTViewApp.swift in Sources */ = {isa = PBXBuildFile; fileRef = 1D036E862B542377004D6567 /* BinnedFFTViewApp.swift */; };
		1D036E892B542377004D6567 /* ContentView.swift in Sources */ = {isa = PBXBuildFile; fileRef = 1D036E882B542377004D6567 /* ContentView.swift */; };
		1D036E8B2B542378004D6567 /* Assets.xcassets in Resources */ = {isa = PBXBuildFile; fileRef = 1D036E8A2B542378004D6567 /* Assets.xcassets */; };
		1D036E8F2B542378004D6567 /* Preview Assets.xcassets in Resources */ = {isa = PBXBuildFile; fileRef = 1D036E8E2B542378004D6567 /* Preview Assets.xcassets */; };
		1D036E972B5423E7004D6567 /* AudioKit in Frameworks */ = {isa = PBXBuildFile; productRef = 1D036E962B5423E7004D6567 /* AudioKit */; };
		1D036E992B542447004D6567 /* BinnedFFTView.swift in Sources */ = {isa = PBXBuildFile; fileRef = 1D036E982B542447004D6567 /* BinnedFFTView.swift */; };
		1D036E9F2B543368004D6567 /* AudioKitUI in Frameworks */ = {isa = PBXBuildFile; productRef = 1D036E9E2B543368004D6567 /* AudioKitUI */; };
		1D036EA22B543602004D6567 /* Algorithms in Frameworks */ = {isa = PBXBuildFile; productRef = 1D036EA12B543602004D6567 /* Algorithms */; };
		1D5E595E2B5465DA003621B6 /* PureSwiftUI in Frameworks */ = {isa = PBXBuildFile; productRef = 1D5E595D2B5465DA003621B6 /* PureSwiftUI */; };
/* End PBXBuildFile section */

/* Begin PBXFileReference section */
		1D036E832B542377004D6567 /* BinnedFFTView.app */ = {isa = PBXFileReference; explicitFileType = wrapper.application; includeInIndex = 0; path = BinnedFFTView.app; sourceTree = BUILT_PRODUCTS_DIR; };
		1D036E862B542377004D6567 /* BinnedFFTViewApp.swift */ = {isa = PBXFileReference; lastKnownFileType = sourcecode.swift; path = BinnedFFTViewApp.swift; sourceTree = "<group>"; };
		1D036E882B542377004D6567 /* ContentView.swift */ = {isa = PBXFileReference; lastKnownFileType = sourcecode.swift; path = ContentView.swift; sourceTree = "<group>"; };
		1D036E8A2B542378004D6567 /* Assets.xcassets */ = {isa = PBXFileReference; lastKnownFileType = folder.assetcatalog; path = Assets.xcassets; sourceTree = "<group>"; };
		1D036E8C2B542378004D6567 /* BinnedFFTView.entitlements */ = {isa = PBXFileReference; lastKnownFileType = text.plist.entitlements; path = BinnedFFTView.entitlements; sourceTree = "<group>"; };
		1D036E8E2B542378004D6567 /* Preview Assets.xcassets */ = {isa = PBXFileReference; lastKnownFileType = folder.assetcatalog; path = "Preview Assets.xcassets"; sourceTree = "<group>"; };
		1D036E982B542447004D6567 /* BinnedFFTView.swift */ = {isa = PBXFileReference; lastKnownFileType = sourcecode.swift; path = BinnedFFTView.swift; sourceTree = "<group>"; };
/* End PBXFileReference section */

/* Begin PBXFrameworksBuildPhase section */
		1D036E802B542377004D6567 /* Frameworks */ = {
			isa = PBXFrameworksBuildPhase;
			buildActionMask = 2147483647;
			files = (
				1D036EA22B543602004D6567 /* Algorithms in Frameworks */,
				1D036E9F2B543368004D6567 /* AudioKitUI in Frameworks */,
				1D5E595E2B5465DA003621B6 /* PureSwiftUI in Frameworks */,
				1D036E972B5423E7004D6567 /* AudioKit in Frameworks */,
			);
			runOnlyForDeploymentPostprocessing = 0;
		};
/* End PBXFrameworksBuildPhase section */

/* Begin PBXGroup section */
		1D036E7A2B542377004D6567 = {
			isa = PBXGroup;
			children = (
				1D036E852B542377004D6567 /* BinnedFFTView */,
				1D036E842B542377004D6567 /* Products */,
			);
			sourceTree = "<group>";
		};
		1D036E842B542377004D6567 /* Products */ = {
			isa = PBXGroup;
			children = (
				1D036E832B542377004D6567 /* BinnedFFTView.app */,
			);
			name = Products;
			sourceTree = "<group>";
		};
		1D036E852B542377004D6567 /* BinnedFFTView */ = {
			isa = PBXGroup;
			children = (
				1D036E862B542377004D6567 /* BinnedFFTViewApp.swift */,
				1D036E882B542377004D6567 /* ContentView.swift */,
				1D036E982B542447004D6567 /* BinnedFFTView.swift */,
				1D036E8A2B542378004D6567 /* Assets.xcassets */,
				1D036E8C2B542378004D6567 /* BinnedFFTView.entitlements */,
				1D036E8D2B542378004D6567 /* Preview Content */,
			);
			path = BinnedFFTView;
			sourceTree = "<group>";
		};
		1D036E8D2B542378004D6567 /* Preview Content */ = {
			isa = PBXGroup;
			children = (
				1D036E8E2B542378004D6567 /* Preview Assets.xcassets */,
			);
			path = "Preview Content";
			sourceTree = "<group>";
		};
/* End PBXGroup section */

/* Begin PBXNativeTarget section */
		1D036E822B542377004D6567 /* BinnedFFTView */ = {
			isa = PBXNativeTarget;
			buildConfigurationList = 1D036E922B542378004D6567 /* Build configuration list for PBXNativeTarget "BinnedFFTView" */;
			buildPhases = (
				1D036E7F2B542377004D6567 /* Sources */,
				1D036E802B542377004D6567 /* Frameworks */,
				1D036E812B542377004D6567 /* Resources */,
			);
			buildRules = (
			);
			dependencies = (
			);
			name = BinnedFFTView;
			packageProductDependencies = (
				1D036E962B5423E7004D6567 /* AudioKit */,
				1D036E9E2B543368004D6567 /* AudioKitUI */,
				1D036EA12B543602004D6567 /* Algorithms */,
				1D5E595D2B5465DA003621B6 /* PureSwiftUI */,
			);
			productName = BinnedFFTView;
			productReference = 1D036E832B542377004D6567 /* BinnedFFTView.app */;
			productType = "com.apple.product-type.application";
		};
/* End PBXNativeTarget section */

/* Begin PBXProject section */
		1D036E7B2B542377004D6567 /* Project object */ = {
			isa = PBXProject;
			attributes = {
				BuildIndependentTargetsInParallel = 1;
				LastSwiftUpdateCheck = 1520;
				LastUpgradeCheck = 1520;
				TargetAttributes = {
					1D036E822B542377004D6567 = {
						CreatedOnToolsVersion = 15.2;
					};
				};
			};
			buildConfigurationList = 1D036E7E2B542377004D6567 /* Build configuration list for PBXProject "BinnedFFTView" */;
			compatibilityVersion = "Xcode 14.0";
			developmentRegion = en;
			hasScannedForEncodings = 0;
			knownRegions = (
				en,
				Base,
			);
			mainGroup = 1D036E7A2B542377004D6567;
			packageReferences = (
				1D036E952B5423E7004D6567 /* XCRemoteSwiftPackageReference "AudioKit" */,
				1D036E9D2B543368004D6567 /* XCRemoteSwiftPackageReference "AudioKitUI" */,
				1D036EA02B543602004D6567 /* XCRemoteSwiftPackageReference "swift-algorithms" */,
				1D5E595C2B5465DA003621B6 /* XCRemoteSwiftPackageReference "pure-swift-ui" */,
			);
			productRefGroup = 1D036E842B542377004D6567 /* Products */;
			projectDirPath = "";
			projectRoot = "";
			targets = (
				1D036E822B542377004D6567 /* BinnedFFTView */,
			);
		};
/* End PBXProject section */

/* Begin PBXResourcesBuildPhase section */
		1D036E812B542377004D6567 /* Resources */ = {
			isa = PBXResourcesBuildPhase;
			buildActionMask = 2147483647;
			files = (
				1D036E8F2B542378004D6567 /* Preview Assets.xcassets in Resources */,
				1D036E8B2B542378004D6567 /* Assets.xcassets in Resources */,
			);
			runOnlyForDeploymentPostprocessing = 0;
		};
/* End PBXResourcesBuildPhase section */

/* Begin PBXSourcesBuildPhase section */
		1D036E7F2B542377004D6567 /* Sources */ = {
			isa = PBXSourcesBuildPhase;
			buildActionMask = 2147483647;
			files = (
				1D036E892B542377004D6567 /* ContentView.swift in Sources */,
				1D036E992B542447004D6567 /* BinnedFFTView.swift in Sources */,
				1D036E872B542377004D6567 /* BinnedFFTViewApp.swift in Sources */,
			);
			runOnlyForDeploymentPostprocessing = 0;
		};
/* End PBXSourcesBuildPhase section */

/* Begin XCBuildConfiguration section */
		1D036E902B542378004D6567 /* Debug */ = {
			isa = XCBuildConfiguration;
			buildSettings = {
				ALWAYS_SEARCH_USER_PATHS = NO;
				ASSETCATALOG_COMPILER_GENERATE_SWIFT_ASSET_SYMBOL_EXTENSIONS = YES;
				CLANG_ANALYZER_NONNULL = YES;
				CLANG_ANALYZER_NUMBER_OBJECT_CONVERSION = YES_AGGRESSIVE;
				CLANG_CXX_LANGUAGE_STANDARD = "gnu++20";
				CLANG_ENABLE_MODULES = YES;
				CLANG_ENABLE_OBJC_ARC = YES;
				CLANG_ENABLE_OBJC_WEAK = YES;
				CLANG_WARN_BLOCK_CAPTURE_AUTORELEASING = YES;
				CLANG_WARN_BOOL_CONVERSION = YES;
				CLANG_WARN_COMMA = YES;
				CLANG_WARN_CONSTANT_CONVERSION = YES;
				CLANG_WARN_DEPRECATED_OBJC_IMPLEMENTATIONS = YES;
				CLANG_WARN_DIRECT_OBJC_ISA_USAGE = YES_ERROR;
				CLANG_WARN_DOCUMENTATION_COMMENTS = YES;
				CLANG_WARN_EMPTY_BODY = YES;
				CLANG_WARN_ENUM_CONVERSION = YES;
				CLANG_WARN_INFINITE_RECURSION = YES;
				CLANG_WARN_INT_CONVERSION = YES;
				CLANG_WARN_NON_LITERAL_NULL_CONVERSION = YES;
				CLANG_WARN_OBJC_IMPLICIT_RETAIN_SELF = YES;
				CLANG_WARN_OBJC_LITERAL_CONVERSION = YES;
				CLANG_WARN_OBJC_ROOT_CLASS = YES_ERROR;
				CLANG_WARN_QUOTED_INCLUDE_IN_FRAMEWORK_HEADER = YES;
				CLANG_WARN_RANGE_LOOP_ANALYSIS = YES;
				CLANG_WARN_STRICT_PROTOTYPES = YES;
				CLANG_WARN_SUSPICIOUS_MOVE = YES;
				CLANG_WARN_UNGUARDED_AVAILABILITY = YES_AGGRESSIVE;
				CLANG_WARN_UNREACHABLE_CODE = YES;
				CLANG_WARN__DUPLICATE_METHOD_MATCH = YES;
				COPY_PHASE_STRIP = NO;
				DEBUG_INFORMATION_FORMAT = dwarf;
				ENABLE_STRICT_OBJC_MSGSEND = YES;
				ENABLE_TESTABILITY = YES;
				ENABLE_USER_SCRIPT_SANDBOXING = YES;
				GCC_C_LANGUAGE_STANDARD = gnu17;
				GCC_DYNAMIC_NO_PIC = NO;
				GCC_NO_COMMON_BLOCKS = YES;
				GCC_OPTIMIZATION_LEVEL = 0;
				GCC_PREPROCESSOR_DEFINITIONS = (
					"DEBUG=1",
					"$(inherited)",
				);
				GCC_WARN_64_TO_32_BIT_CONVERSION = YES;
				GCC_WARN_ABOUT_RETURN_TYPE = YES_ERROR;
				GCC_WARN_UNDECLARED_SELECTOR = YES;
				GCC_WARN_UNINITIALIZED_AUTOS = YES_AGGRESSIVE;
				GCC_WARN_UNUSED_FUNCTION = YES;
				GCC_WARN_UNUSED_VARIABLE = YES;
				LOCALIZATION_PREFERS_STRING_CATALOGS = YES;
				MTL_ENABLE_DEBUG_INFO = INCLUDE_SOURCE;
				MTL_FAST_MATH = YES;
				ONLY_ACTIVE_ARCH = YES;
				SWIFT_ACTIVE_COMPILATION_CONDITIONS = "DEBUG $(inherited)";
				SWIFT_OPTIMIZATION_LEVEL = "-Onone";
			};
			name = Debug;
		};
		1D036E912B542378004D6567 /* Release */ = {
			isa = XCBuildConfiguration;
			buildSettings = {
				ALWAYS_SEARCH_USER_PATHS = NO;
				ASSETCATALOG_COMPILER_GENERATE_SWIFT_ASSET_SYMBOL_EXTENSIONS = YES;
				CLANG_ANALYZER_NONNULL = YES;
				CLANG_ANALYZER_NUMBER_OBJECT_CONVERSION = YES_AGGRESSIVE;
				CLANG_CXX_LANGUAGE_STANDARD = "gnu++20";
				CLANG_ENABLE_MODULES = YES;
				CLANG_ENABLE_OBJC_ARC = YES;
				CLANG_ENABLE_OBJC_WEAK = YES;
				CLANG_WARN_BLOCK_CAPTURE_AUTORELEASING = YES;
				CLANG_WARN_BOOL_CONVERSION = YES;
				CLANG_WARN_COMMA = YES;
				CLANG_WARN_CONSTANT_CONVERSION = YES;
				CLANG_WARN_DEPRECATED_OBJC_IMPLEMENTATIONS = YES;
				CLANG_WARN_DIRECT_OBJC_ISA_USAGE = YES_ERROR;
				CLANG_WARN_DOCUMENTATION_COMMENTS = YES;
				CLANG_WARN_EMPTY_BODY = YES;
				CLANG_WARN_ENUM_CONVERSION = YES;
				CLANG_WARN_INFINITE_RECURSION = YES;
				CLANG_WARN_INT_CONVERSION = YES;
				CLANG_WARN_NON_LITERAL_NULL_CONVERSION = YES;
				CLANG_WARN_OBJC_IMPLICIT_RETAIN_SELF = YES;
				CLANG_WARN_OBJC_LITERAL_CONVERSION = YES;
				CLANG_WARN_OBJC_ROOT_CLASS = YES_ERROR;
				CLANG_WARN_QUOTED_INCLUDE_IN_FRAMEWORK_HEADER = YES;
				CLANG_WARN_RANGE_LOOP_ANALYSIS = YES;
				CLANG_WARN_STRICT_PROTOTYPES = YES;
				CLANG_WARN_SUSPICIOUS_MOVE = YES;
				CLANG_WARN_UNGUARDED_AVAILABILITY = YES_AGGRESSIVE;
				CLANG_WARN_UNREACHABLE_CODE = YES;
				CLANG_WARN__DUPLICATE_METHOD_MATCH = YES;
				COPY_PHASE_STRIP = NO;
				DEBUG_INFORMATION_FORMAT = "dwarf-with-dsym";
				ENABLE_NS_ASSERTIONS = NO;
				ENABLE_STRICT_OBJC_MSGSEND = YES;
				ENABLE_USER_SCRIPT_SANDBOXING = YES;
				GCC_C_LANGUAGE_STANDARD = gnu17;
				GCC_NO_COMMON_BLOCKS = YES;
				GCC_WARN_64_TO_32_BIT_CONVERSION = YES;
				GCC_WARN_ABOUT_RETURN_TYPE = YES_ERROR;
				GCC_WARN_UNDECLARED_SELECTOR = YES;
				GCC_WARN_UNINITIALIZED_AUTOS = YES_AGGRESSIVE;
				GCC_WARN_UNUSED_FUNCTION = YES;
				GCC_WARN_UNUSED_VARIABLE = YES;
				LOCALIZATION_PREFERS_STRING_CATALOGS = YES;
				MTL_ENABLE_DEBUG_INFO = NO;
				MTL_FAST_MATH = YES;
				SWIFT_COMPILATION_MODE = wholemodule;
			};
			name = Release;
		};
		1D036E932B542378004D6567 /* Debug */ = {
			isa = XCBuildConfiguration;
			buildSettings = {
				ASSETCATALOG_COMPILER_APPICON_NAME = AppIcon;
				ASSETCATALOG_COMPILER_GLOBAL_ACCENT_COLOR_NAME = AccentColor;
				CODE_SIGN_ENTITLEMENTS = BinnedFFTView/BinnedFFTView.entitlements;
				CODE_SIGN_STYLE = Automatic;
				CURRENT_PROJECT_VERSION = 1;
				DEVELOPMENT_ASSET_PATHS = "\"BinnedFFTView/Preview Content\"";
				DEVELOPMENT_TEAM = Y689F68ZJ8;
				ENABLE_PREVIEWS = YES;
				GENERATE_INFOPLIST_FILE = YES;
				"INFOPLIST_KEY_UIApplicationSceneManifest_Generation[sdk=iphoneos*]" = YES;
				"INFOPLIST_KEY_UIApplicationSceneManifest_Generation[sdk=iphonesimulator*]" = YES;
				"INFOPLIST_KEY_UIApplicationSupportsIndirectInputEvents[sdk=iphoneos*]" = YES;
				"INFOPLIST_KEY_UIApplicationSupportsIndirectInputEvents[sdk=iphonesimulator*]" = YES;
				"INFOPLIST_KEY_UILaunchScreen_Generation[sdk=iphoneos*]" = YES;
				"INFOPLIST_KEY_UILaunchScreen_Generation[sdk=iphonesimulator*]" = YES;
				"INFOPLIST_KEY_UIStatusBarStyle[sdk=iphoneos*]" = UIStatusBarStyleDefault;
				"INFOPLIST_KEY_UIStatusBarStyle[sdk=iphonesimulator*]" = UIStatusBarStyleDefault;
				INFOPLIST_KEY_UISupportedInterfaceOrientations_iPad = "UIInterfaceOrientationPortrait UIInterfaceOrientationPortraitUpsideDown UIInterfaceOrientationLandscapeLeft UIInterfaceOrientationLandscapeRight";
				INFOPLIST_KEY_UISupportedInterfaceOrientations_iPhone = "UIInterfaceOrientationPortrait UIInterfaceOrientationLandscapeLeft UIInterfaceOrientationLandscapeRight";
				IPHONEOS_DEPLOYMENT_TARGET = 17.2;
				LD_RUNPATH_SEARCH_PATHS = "@executable_path/Frameworks";
				"LD_RUNPATH_SEARCH_PATHS[sdk=macosx*]" = "@executable_path/../Frameworks";
				MACOSX_DEPLOYMENT_TARGET = 14.2;
				MARKETING_VERSION = 1.0;
				PRODUCT_BUNDLE_IDENTIFIER = com.matthewhoopes.BinnedFFTView;
				PRODUCT_NAME = "$(TARGET_NAME)";
				SDKROOT = auto;
				SUPPORTED_PLATFORMS = "iphoneos iphonesimulator macosx";
				SWIFT_EMIT_LOC_STRINGS = YES;
				SWIFT_VERSION = 5.0;
				TARGETED_DEVICE_FAMILY = "1,2";
			};
			name = Debug;
		};
		1D036E942B542378004D6567 /* Release */ = {
			isa = XCBuildConfiguration;
			buildSettings = {
				ASSETCATALOG_COMPILER_APPICON_NAME = AppIcon;
				ASSETCATALOG_COMPILER_GLOBAL_ACCENT_COLOR_NAME = AccentColor;
				CODE_SIGN_ENTITLEMENTS = BinnedFFTView/BinnedFFTView.entitlements;
				CODE_SIGN_STYLE = Automatic;
				CURRENT_PROJECT_VERSION = 1;
				DEVELOPMENT_ASSET_PATHS = "\"BinnedFFTView/Preview Content\"";
				DEVELOPMENT_TEAM = Y689F68ZJ8;
				ENABLE_PREVIEWS = YES;
				GENERATE_INFOPLIST_FILE = YES;
				"INFOPLIST_KEY_UIApplicationSceneManifest_Generation[sdk=iphoneos*]" = YES;
				"INFOPLIST_KEY_UIApplicationSceneManifest_Generation[sdk=iphonesimulator*]" = YES;
				"INFOPLIST_KEY_UIApplicationSupportsIndirectInputEvents[sdk=iphoneos*]" = YES;
				"INFOPLIST_KEY_UIApplicationSupportsIndirectInputEvents[sdk=iphonesimulator*]" = YES;
				"INFOPLIST_KEY_UILaunchScreen_Generation[sdk=iphoneos*]" = YES;
				"INFOPLIST_KEY_UILaunchScreen_Generation[sdk=iphonesimulator*]" = YES;
				"INFOPLIST_KEY_UIStatusBarStyle[sdk=iphoneos*]" = UIStatusBarStyleDefault;
				"INFOPLIST_KEY_UIStatusBarStyle[sdk=iphonesimulator*]" = UIStatusBarStyleDefault;
				INFOPLIST_KEY_UISupportedInterfaceOrientations_iPad = "UIInterfaceOrientationPortrait UIInterfaceOrientationPortraitUpsideDown UIInterfaceOrientationLandscapeLeft UIInterfaceOrientationLandscapeRight";
				INFOPLIST_KEY_UISupportedInterfaceOrientations_iPhone = "UIInterfaceOrientationPortrait UIInterfaceOrientationLandscapeLeft UIInterfaceOrientationLandscapeRight";
				IPHONEOS_DEPLOYMENT_TARGET = 17.2;
				LD_RUNPATH_SEARCH_PATHS = "@executable_path/Frameworks";
				"LD_RUNPATH_SEARCH_PATHS[sdk=macosx*]" = "@executable_path/../Frameworks";
				MACOSX_DEPLOYMENT_TARGET = 14.2;
				MARKETING_VERSION = 1.0;
				PRODUCT_BUNDLE_IDENTIFIER = com.matthewhoopes.BinnedFFTView;
				PRODUCT_NAME = "$(TARGET_NAME)";
				SDKROOT = auto;
				SUPPORTED_PLATFORMS = "iphoneos iphonesimulator macosx";
				SWIFT_EMIT_LOC_STRINGS = YES;
				SWIFT_VERSION = 5.0;
				TARGETED_DEVICE_FAMILY = "1,2";
			};
			name = Release;
		};
/* End XCBuildConfiguration section */

/* Begin XCConfigurationList section */
		1D036E7E2B542377004D6567 /* Build configuration list for PBXProject "BinnedFFTView" */ = {
			isa = XCConfigurationList;
			buildConfigurations = (
				1D036E902B542378004D6567 /* Debug */,
				1D036E912B542378004D6567 /* Release */,
			);
			defaultConfigurationIsVisible = 0;
			defaultConfigurationName = Release;
		};
		1D036E922B542378004D6567 /* Build configuration list for PBXNativeTarget "BinnedFFTView" */ = {
			isa = XCConfigurationList;
			buildConfigurations = (
				1D036E932B542378004D6567 /* Debug */,
				1D036E942B542378004D6567 /* Release */,
			);
			defaultConfigurationIsVisible = 0;
			defaultConfigurationName = Release;
		};
/* End XCConfigurationList section */

/* Begin XCRemoteSwiftPackageReference section */
		1D036E952B5423E7004D6567 /* XCRemoteSwiftPackageReference "AudioKit" */ = {
			isa = XCRemoteSwiftPackageReference;
			repositoryURL = "https://github.com/AudioKit/AudioKit.git";
			requirement = {
				kind = upToNextMajorVersion;
				minimumVersion = 5.6.2;
			};
		};
		1D036E9D2B543368004D6567 /* XCRemoteSwiftPackageReference "AudioKitUI" */ = {
			isa = XCRemoteSwiftPackageReference;
			repositoryURL = "https://github.com/AudioKit/AudioKitUI.git";
			requirement = {
				kind = upToNextMajorVersion;
				minimumVersion = 0.3.6;
			};
		};
		1D036EA02B543602004D6567 /* XCRemoteSwiftPackageReference "swift-algorithms" */ = {
			isa = XCRemoteSwiftPackageReference;
			repositoryURL = "https://github.com/apple/swift-algorithms.git";
			requirement = {
				kind = upToNextMajorVersion;
				minimumVersion = 1.2.0;
			};
		};
		1D5E595C2B5465DA003621B6 /* XCRemoteSwiftPackageReference "pure-swift-ui" */ = {
			isa = XCRemoteSwiftPackageReference;
			repositoryURL = "https://github.com/CodeSlicing/pure-swift-ui.git";
			requirement = {
				kind = upToNextMajorVersion;
				minimumVersion = 3.1.0;
			};
		};
/* End XCRemoteSwiftPackageReference section */

/* Begin XCSwiftPackageProductDependency section */
		1D036E962B5423E7004D6567 /* AudioKit */ = {
			isa = XCSwiftPackageProductDependency;
			package = 1D036E952B5423E7004D6567 /* XCRemoteSwiftPackageReference "AudioKit" */;
			productName = AudioKit;
		};
		1D036E9E2B543368004D6567 /* AudioKitUI */ = {
			isa = XCSwiftPackageProductDependency;
			package = 1D036E9D2B543368004D6567 /* XCRemoteSwiftPackageReference "AudioKitUI" */;
			productName = AudioKitUI;
		};
		1D036EA12B543602004D6567 /* Algorithms */ = {
			isa = XCSwiftPackageProductDependency;
			package = 1D036EA02B543602004D6567 /* XCRemoteSwiftPackageReference "swift-algorithms" */;
			productName = Algorithms;
		};
		1D5E595D2B5465DA003621B6 /* PureSwiftUI */ = {
			isa = XCSwiftPackageProductDependency;
			package = 1D5E595C2B5465DA003621B6 /* XCRemoteSwiftPackageReference "pure-swift-ui" */;
			productName = PureSwiftUI;
		};
/* End XCSwiftPackageProductDependency section */
	};
	rootObject = 1D036E7B2B542377004D6567 /* Project object */;
}
